
Microsoft Visual Studio Solution File, Format Version 12.00
# Visual Studio Version 17
VisualStudioVersion = 17.5.002.0
MinimumVisualStudioVersion = 10.0.40219.1
Project("{9A19103F-16F7-4668-BE54-9A1E7A4F7556}") = "Mangas", "Mangas.csproj", "{0A9DC5CC-67A5-43A8-8820-974796CF5BEA}"
EndProject
Global
	GlobalSection(SolutionConfigurationPlatforms) = preSolution
		Debug|Any CPU = Debug|Any CPU
		Release|Any CPU = Release|Any CPU
	EndGlobalSection
	GlobalSection(ProjectConfigurationPlatforms) = postSolution
		{0A9DC5CC-67A5-43A8-8820-974796CF5BEA}.Debug|Any CPU.ActiveCfg = Debug|Any CPU
		{0A9DC5CC-67A5-43A8-8820-974796CF5BEA}.Debug|Any CPU.Build.0 = Debug|Any CPU
		{0A9DC5CC-67A5-43A8-8820-974796CF5BEA}.Release|Any CPU.ActiveCfg = Release|Any CPU
		{0A9DC5CC-67A5-43A8-8820-974796CF5BEA}.Release|Any CPU.Build.0 = Release|Any CPU
	EndGlobalSection
	GlobalSection(SolutionProperties) = preSolution
		HideSolutionNode = FALSE
	EndGlobalSection
	GlobalSection(ExtensibilityGlobals) = postSolution
		SolutionGuid = {A52AB36F-89AE-4DDA-BC8D-29CBEE3B2C45}
	EndGlobalSection
EndGlobal
